// !$*UTF8*$!
{
	archiveVersion = 1;
	classes = {
	};
	objectVersion = 48;
	objects = {

/* Begin PBXBuildFile section */
		1359C8CE58C0C845F521244A /* Pods_DrinkWater.framework in Frameworks */ = {isa = PBXBuildFile; fileRef = 4BD5DD85CFBE28052850F4EE /* Pods_DrinkWater.framework */; };
		9AE2DA2372201DF9B771674B /* Pods_DrinkWaterTests.framework in Frameworks */ = {isa = PBXBuildFile; fileRef = DBA5340E7728CEB141B4B961 /* Pods_DrinkWaterTests.framework */; };
		DAD6EF497B26C5A2E7A5825C /* Pods_DrinkWaterUITests.framework in Frameworks */ = {isa = PBXBuildFile; fileRef = C88785DE2E720461FADF42F0 /* Pods_DrinkWaterUITests.framework */; };
		DBFD40E422C7CD520054253B /* AppDelegate.swift in Sources */ = {isa = PBXBuildFile; fileRef = DBFD40E322C7CD520054253B /* AppDelegate.swift */; };
		DBFD40E622C7CD520054253B /* homeViewController.swift in Sources */ = {isa = PBXBuildFile; fileRef = DBFD40E522C7CD520054253B /* homeViewController.swift */; };
		DBFD40EB22C7CD520054253B /* Assets.xcassets in Resources */ = {isa = PBXBuildFile; fileRef = DBFD40EA22C7CD520054253B /* Assets.xcassets */; };
		DBFD40EE22C7CD520054253B /* LaunchScreen.storyboard in Resources */ = {isa = PBXBuildFile; fileRef = DBFD40EC22C7CD520054253B /* LaunchScreen.storyboard */; };
		DBFD40F922C7CD520054253B /* DrinkWaterTests.swift in Sources */ = {isa = PBXBuildFile; fileRef = DBFD40F822C7CD520054253B /* DrinkWaterTests.swift */; };
		DBFD410422C7CD520054253B /* DrinkWaterUITests.swift in Sources */ = {isa = PBXBuildFile; fileRef = DBFD410322C7CD520054253B /* DrinkWaterUITests.swift */; };
		DBFD411222C7CDA90054253B /* homeViewController.xib in Resources */ = {isa = PBXBuildFile; fileRef = DBFD411122C7CDA90054253B /* homeViewController.xib */; };
		DBFD411622C7E7540054253B /* GoogleService-Info.plist in Resources */ = {isa = PBXBuildFile; fileRef = DBFD411522C7E7540054253B /* GoogleService-Info.plist */; };
/* End PBXBuildFile section */

/* Begin PBXContainerItemProxy section */
		DBFD40F522C7CD520054253B /* PBXContainerItemProxy */ = {
			isa = PBXContainerItemProxy;
			containerPortal = DBFD40D822C7CD520054253B /* Project object */;
			proxyType = 1;
			remoteGlobalIDString = DBFD40DF22C7CD520054253B;
			remoteInfo = DrinkWater;
		};
		DBFD410022C7CD520054253B /* PBXContainerItemProxy */ = {
			isa = PBXContainerItemProxy;
			containerPortal = DBFD40D822C7CD520054253B /* Project object */;
			proxyType = 1;
			remoteGlobalIDString = DBFD40DF22C7CD520054253B;
			remoteInfo = DrinkWater;
		};
/* End PBXContainerItemProxy section */

/* Begin PBXFileReference section */
		0B7EE2FE54EF5E0E968AE4E2 /* Pods-DrinkWaterUITests.release.xcconfig */ = {isa = PBXFileReference; includeInIndex = 1; lastKnownFileType = text.xcconfig; name = "Pods-DrinkWaterUITests.release.xcconfig"; path = "Pods/Target Support Files/Pods-DrinkWaterUITests/Pods-DrinkWaterUITests.release.xcconfig"; sourceTree = "<group>"; };
		2D96F21F875800E5F2007947 /* Pods-DrinkWater.debug.xcconfig */ = {isa = PBXFileReference; includeInIndex = 1; lastKnownFileType = text.xcconfig; name = "Pods-DrinkWater.debug.xcconfig"; path = "Pods/Target Support Files/Pods-DrinkWater/Pods-DrinkWater.debug.xcconfig"; sourceTree = "<group>"; };
		4BD5DD85CFBE28052850F4EE /* Pods_DrinkWater.framework */ = {isa = PBXFileReference; explicitFileType = wrapper.framework; includeInIndex = 0; path = Pods_DrinkWater.framework; sourceTree = BUILT_PRODUCTS_DIR; };
		72DD323FE8CFB28148239B65 /* Pods-DrinkWaterTests.debug.xcconfig */ = {isa = PBXFileReference; includeInIndex = 1; lastKnownFileType = text.xcconfig; name = "Pods-DrinkWaterTests.debug.xcconfig"; path = "Pods/Target Support Files/Pods-DrinkWaterTests/Pods-DrinkWaterTests.debug.xcconfig"; sourceTree = "<group>"; };
		9B383D1939957D293D412D78 /* Pods-DrinkWater.release.xcconfig */ = {isa = PBXFileReference; includeInIndex = 1; lastKnownFileType = text.xcconfig; name = "Pods-DrinkWater.release.xcconfig"; path = "Pods/Target Support Files/Pods-DrinkWater/Pods-DrinkWater.release.xcconfig"; sourceTree = "<group>"; };
		A51BB6F31DE62116535A25D1 /* Pods-DrinkWaterTests.release.xcconfig */ = {isa = PBXFileReference; includeInIndex = 1; lastKnownFileType = text.xcconfig; name = "Pods-DrinkWaterTests.release.xcconfig"; path = "Pods/Target Support Files/Pods-DrinkWaterTests/Pods-DrinkWaterTests.release.xcconfig"; sourceTree = "<group>"; };
		C88785DE2E720461FADF42F0 /* Pods_DrinkWaterUITests.framework */ = {isa = PBXFileReference; explicitFileType = wrapper.framework; includeInIndex = 0; path = Pods_DrinkWaterUITests.framework; sourceTree = BUILT_PRODUCTS_DIR; };
		D70576FE677B26CCAD91CD1C /* Pods-DrinkWaterUITests.debug.xcconfig */ = {isa = PBXFileReference; includeInIndex = 1; lastKnownFileType = text.xcconfig; name = "Pods-DrinkWaterUITests.debug.xcconfig"; path = "Pods/Target Support Files/Pods-DrinkWaterUITests/Pods-DrinkWaterUITests.debug.xcconfig"; sourceTree = "<group>"; };
		DBA5340E7728CEB141B4B961 /* Pods_DrinkWaterTests.framework */ = {isa = PBXFileReference; explicitFileType = wrapper.framework; includeInIndex = 0; path = Pods_DrinkWaterTests.framework; sourceTree = BUILT_PRODUCTS_DIR; };
		DBFD40E022C7CD520054253B /* DrinkWater.app */ = {isa = PBXFileReference; explicitFileType = wrapper.application; includeInIndex = 0; path = DrinkWater.app; sourceTree = BUILT_PRODUCTS_DIR; };
		DBFD40E322C7CD520054253B /* AppDelegate.swift */ = {isa = PBXFileReference; lastKnownFileType = sourcecode.swift; path = AppDelegate.swift; sourceTree = "<group>"; };
		DBFD40E522C7CD520054253B /* homeViewController.swift */ = {isa = PBXFileReference; lastKnownFileType = sourcecode.swift; path = homeViewController.swift; sourceTree = "<group>"; };
		DBFD40EA22C7CD520054253B /* Assets.xcassets */ = {isa = PBXFileReference; lastKnownFileType = folder.assetcatalog; path = Assets.xcassets; sourceTree = "<group>"; };
		DBFD40ED22C7CD520054253B /* Base */ = {isa = PBXFileReference; lastKnownFileType = file.storyboard; name = Base; path = Base.lproj/LaunchScreen.storyboard; sourceTree = "<group>"; };
		DBFD40EF22C7CD520054253B /* Info.plist */ = {isa = PBXFileReference; lastKnownFileType = text.plist.xml; path = Info.plist; sourceTree = "<group>"; };
		DBFD40F422C7CD520054253B /* DrinkWaterTests.xctest */ = {isa = PBXFileReference; explicitFileType = wrapper.cfbundle; includeInIndex = 0; path = DrinkWaterTests.xctest; sourceTree = BUILT_PRODUCTS_DIR; };
		DBFD40F822C7CD520054253B /* DrinkWaterTests.swift */ = {isa = PBXFileReference; lastKnownFileType = sourcecode.swift; path = DrinkWaterTests.swift; sourceTree = "<group>"; };
		DBFD40FA22C7CD520054253B /* Info.plist */ = {isa = PBXFileReference; lastKnownFileType = text.plist.xml; path = Info.plist; sourceTree = "<group>"; };
		DBFD40FF22C7CD520054253B /* DrinkWaterUITests.xctest */ = {isa = PBXFileReference; explicitFileType = wrapper.cfbundle; includeInIndex = 0; path = DrinkWaterUITests.xctest; sourceTree = BUILT_PRODUCTS_DIR; };
		DBFD410322C7CD520054253B /* DrinkWaterUITests.swift */ = {isa = PBXFileReference; lastKnownFileType = sourcecode.swift; path = DrinkWaterUITests.swift; sourceTree = "<group>"; };
		DBFD410522C7CD520054253B /* Info.plist */ = {isa = PBXFileReference; lastKnownFileType = text.plist.xml; path = Info.plist; sourceTree = "<group>"; };
		DBFD411122C7CDA90054253B /* homeViewController.xib */ = {isa = PBXFileReference; lastKnownFileType = file.xib; path = homeViewController.xib; sourceTree = "<group>"; };
		DBFD411522C7E7540054253B /* GoogleService-Info.plist */ = {isa = PBXFileReference; fileEncoding = 4; lastKnownFileType = text.plist.xml; path = "GoogleService-Info.plist"; sourceTree = "<group>"; };
/* End PBXFileReference section */

/* Begin PBXFrameworksBuildPhase section */
		DBFD40DD22C7CD520054253B /* Frameworks */ = {
			isa = PBXFrameworksBuildPhase;
			buildActionMask = 2147483647;
			files = (
				1359C8CE58C0C845F521244A /* Pods_DrinkWater.framework in Frameworks */,
			);
			runOnlyForDeploymentPostprocessing = 0;
		};
		DBFD40F122C7CD520054253B /* Frameworks */ = {
			isa = PBXFrameworksBuildPhase;
			buildActionMask = 2147483647;
			files = (
				9AE2DA2372201DF9B771674B /* Pods_DrinkWaterTests.framework in Frameworks */,
			);
			runOnlyForDeploymentPostprocessing = 0;
		};
		DBFD40FC22C7CD520054253B /* Frameworks */ = {
			isa = PBXFrameworksBuildPhase;
			buildActionMask = 2147483647;
			files = (
				DAD6EF497B26C5A2E7A5825C /* Pods_DrinkWaterUITests.framework in Frameworks */,
			);
			runOnlyForDeploymentPostprocessing = 0;
		};
/* End PBXFrameworksBuildPhase section */

/* Begin PBXGroup section */
		D4320A1193121A6CFCCDB326 /* Pods */ = {
			isa = PBXGroup;
			children = (
				2D96F21F875800E5F2007947 /* Pods-DrinkWater.debug.xcconfig */,
				9B383D1939957D293D412D78 /* Pods-DrinkWater.release.xcconfig */,
				72DD323FE8CFB28148239B65 /* Pods-DrinkWaterTests.debug.xcconfig */,
				A51BB6F31DE62116535A25D1 /* Pods-DrinkWaterTests.release.xcconfig */,
				D70576FE677B26CCAD91CD1C /* Pods-DrinkWaterUITests.debug.xcconfig */,
				0B7EE2FE54EF5E0E968AE4E2 /* Pods-DrinkWaterUITests.release.xcconfig */,
			);
			name = Pods;
			sourceTree = "<group>";
		};
		D974CCE059DB9A92EDAB075D /* Frameworks */ = {
			isa = PBXGroup;
			children = (
				4BD5DD85CFBE28052850F4EE /* Pods_DrinkWater.framework */,
				DBA5340E7728CEB141B4B961 /* Pods_DrinkWaterTests.framework */,
				C88785DE2E720461FADF42F0 /* Pods_DrinkWaterUITests.framework */,
			);
			name = Frameworks;
			sourceTree = "<group>";
		};
		DBFD40D722C7CD520054253B = {
			isa = PBXGroup;
			children = (
				DBFD40E222C7CD520054253B /* DrinkWater */,
				DBFD40F722C7CD520054253B /* DrinkWaterTests */,
				DBFD410222C7CD520054253B /* DrinkWaterUITests */,
				DBFD40E122C7CD520054253B /* Products */,
				D4320A1193121A6CFCCDB326 /* Pods */,
				D974CCE059DB9A92EDAB075D /* Frameworks */,
			);
			sourceTree = "<group>";
		};
		DBFD40E122C7CD520054253B /* Products */ = {
			isa = PBXGroup;
			children = (
				DBFD40E022C7CD520054253B /* DrinkWater.app */,
				DBFD40F422C7CD520054253B /* DrinkWaterTests.xctest */,
				DBFD40FF22C7CD520054253B /* DrinkWaterUITests.xctest */,
			);
			name = Products;
			sourceTree = "<group>";
		};
		DBFD40E222C7CD520054253B /* DrinkWater */ = {
			isa = PBXGroup;
			children = (
				DBFD40E322C7CD520054253B /* AppDelegate.swift */,
				DBFD40E522C7CD520054253B /* homeViewController.swift */,
				DBFD411122C7CDA90054253B /* homeViewController.xib */,
				DBFD40EA22C7CD520054253B /* Assets.xcassets */,
				DBFD40EC22C7CD520054253B /* LaunchScreen.storyboard */,
				DBFD40EF22C7CD520054253B /* Info.plist */,
				DBFD411522C7E7540054253B /* GoogleService-Info.plist */,
			);
			path = DrinkWater;
			sourceTree = "<group>";
		};
		DBFD40F722C7CD520054253B /* DrinkWaterTests */ = {
			isa = PBXGroup;
			children = (
				DBFD40F822C7CD520054253B /* DrinkWaterTests.swift */,
				DBFD40FA22C7CD520054253B /* Info.plist */,
			);
			path = DrinkWaterTests;
			sourceTree = "<group>";
		};
		DBFD410222C7CD520054253B /* DrinkWaterUITests */ = {
			isa = PBXGroup;
			children = (
				DBFD410322C7CD520054253B /* DrinkWaterUITests.swift */,
				DBFD410522C7CD520054253B /* Info.plist */,
			);
			path = DrinkWaterUITests;
			sourceTree = "<group>";
		};
/* End PBXGroup section */

/* Begin PBXNativeTarget section */
		DBFD40DF22C7CD520054253B /* DrinkWater */ = {
			isa = PBXNativeTarget;
			buildConfigurationList = DBFD410822C7CD520054253B /* Build configuration list for PBXNativeTarget "DrinkWater" */;
			buildPhases = (
				2C9AAD969FDB8ABECB070F29 /* [CP] Check Pods Manifest.lock */,
				DBFD40DC22C7CD520054253B /* Sources */,
				DBFD40DD22C7CD520054253B /* Frameworks */,
				DBFD40DE22C7CD520054253B /* Resources */,
				89DAA690180BE49817A3A48D /* [CP] Embed Pods Frameworks */,
			);
			buildRules = (
			);
			dependencies = (
			);
			name = DrinkWater;
			productName = DrinkWater;
			productReference = DBFD40E022C7CD520054253B /* DrinkWater.app */;
			productType = "com.apple.product-type.application";
		};
		DBFD40F322C7CD520054253B /* DrinkWaterTests */ = {
			isa = PBXNativeTarget;
			buildConfigurationList = DBFD410B22C7CD520054253B /* Build configuration list for PBXNativeTarget "DrinkWaterTests" */;
			buildPhases = (
				55CF882ACE01B7CF1AC99EFC /* [CP] Check Pods Manifest.lock */,
				DBFD40F022C7CD520054253B /* Sources */,
				DBFD40F122C7CD520054253B /* Frameworks */,
				DBFD40F222C7CD520054253B /* Resources */,
			);
			buildRules = (
			);
			dependencies = (
				DBFD40F622C7CD520054253B /* PBXTargetDependency */,
			);
			name = DrinkWaterTests;
			productName = DrinkWaterTests;
			productReference = DBFD40F422C7CD520054253B /* DrinkWaterTests.xctest */;
			productType = "com.apple.product-type.bundle.unit-test";
		};
		DBFD40FE22C7CD520054253B /* DrinkWaterUITests */ = {
			isa = PBXNativeTarget;
			buildConfigurationList = DBFD410E22C7CD520054253B /* Build configuration list for PBXNativeTarget "DrinkWaterUITests" */;
			buildPhases = (
				447E58D999B6F8F4C5138933 /* [CP] Check Pods Manifest.lock */,
				DBFD40FB22C7CD520054253B /* Sources */,
				DBFD40FC22C7CD520054253B /* Frameworks */,
				DBFD40FD22C7CD520054253B /* Resources */,
			);
			buildRules = (
			);
			dependencies = (
				DBFD410122C7CD520054253B /* PBXTargetDependency */,
			);
			name = DrinkWaterUITests;
			productName = DrinkWaterUITests;
			productReference = DBFD40FF22C7CD520054253B /* DrinkWaterUITests.xctest */;
			productType = "com.apple.product-type.bundle.ui-testing";
		};
/* End PBXNativeTarget section */

/* Begin PBXProject section */
		DBFD40D822C7CD520054253B /* Project object */ = {
			isa = PBXProject;
			attributes = {
				LastSwiftUpdateCheck = 0920;
				LastUpgradeCheck = 0920;
				ORGANIZATIONNAME = "David Ho";
				TargetAttributes = {
					DBFD40DF22C7CD520054253B = {
						CreatedOnToolsVersion = 9.2;
						ProvisioningStyle = Automatic;
					};
					DBFD40F322C7CD520054253B = {
						CreatedOnToolsVersion = 9.2;
						ProvisioningStyle = Automatic;
						TestTargetID = DBFD40DF22C7CD520054253B;
					};
					DBFD40FE22C7CD520054253B = {
						CreatedOnToolsVersion = 9.2;
						ProvisioningStyle = Automatic;
						TestTargetID = DBFD40DF22C7CD520054253B;
					};
				};
			};
			buildConfigurationList = DBFD40DB22C7CD520054253B /* Build configuration list for PBXProject "DrinkWater" */;
			compatibilityVersion = "Xcode 8.0";
			developmentRegion = en;
			hasScannedForEncodings = 0;
			knownRegions = (
				en,
				Base,
			);
			mainGroup = DBFD40D722C7CD520054253B;
			productRefGroup = DBFD40E122C7CD520054253B /* Products */;
			projectDirPath = "";
			projectRoot = "";
			targets = (
				DBFD40DF22C7CD520054253B /* DrinkWater */,
				DBFD40F322C7CD520054253B /* DrinkWaterTests */,
				DBFD40FE22C7CD520054253B /* DrinkWaterUITests */,
			);
		};
/* End PBXProject section */

/* Begin PBXResourcesBuildPhase section */
		DBFD40DE22C7CD520054253B /* Resources */ = {
			isa = PBXResourcesBuildPhase;
			buildActionMask = 2147483647;
			files = (
				DBFD40EE22C7CD520054253B /* LaunchScreen.storyboard in Resources */,
				DBFD411622C7E7540054253B /* GoogleService-Info.plist in Resources */,
				DBFD40EB22C7CD520054253B /* Assets.xcassets in Resources */,
				DBFD411222C7CDA90054253B /* homeViewController.xib in Resources */,
			);
			runOnlyForDeploymentPostprocessing = 0;
		};
		DBFD40F222C7CD520054253B /* Resources */ = {
			isa = PBXResourcesBuildPhase;
			buildActionMask = 2147483647;
			files = (
			);
			runOnlyForDeploymentPostprocessing = 0;
		};
		DBFD40FD22C7CD520054253B /* Resources */ = {
			isa = PBXResourcesBuildPhase;
			buildActionMask = 2147483647;
			files = (
			);
			runOnlyForDeploymentPostprocessing = 0;
		};
/* End PBXResourcesBuildPhase section */

/* Begin PBXShellScriptBuildPhase section */
		2C9AAD969FDB8ABECB070F29 /* [CP] Check Pods Manifest.lock */ = {
			isa = PBXShellScriptBuildPhase;
			buildActionMask = 2147483647;
			files = (
			);
			inputPaths = (
				"${PODS_PODFILE_DIR_PATH}/Podfile.lock",
				"${PODS_ROOT}/Manifest.lock",
			);
			name = "[CP] Check Pods Manifest.lock";
			outputPaths = (
				"$(DERIVED_FILE_DIR)/Pods-DrinkWater-checkManifestLockResult.txt",
			);
			runOnlyForDeploymentPostprocessing = 0;
			shellPath = /bin/sh;
			shellScript = "diff \"${PODS_PODFILE_DIR_PATH}/Podfile.lock\" \"${PODS_ROOT}/Manifest.lock\" > /dev/null\nif [ $? != 0 ] ; then\n    # print error to STDERR\n    echo \"error: The sandbox is not in sync with the Podfile.lock. Run 'pod install' or update your CocoaPods installation.\" >&2\n    exit 1\nfi\n# This output is used by Xcode 'outputs' to avoid re-running this script phase.\necho \"SUCCESS\" > \"${SCRIPT_OUTPUT_FILE_0}\"\n";
			showEnvVarsInLog = 0;
		};
		447E58D999B6F8F4C5138933 /* [CP] Check Pods Manifest.lock */ = {
			isa = PBXShellScriptBuildPhase;
			buildActionMask = 2147483647;
			files = (
			);
			inputPaths = (
				"${PODS_PODFILE_DIR_PATH}/Podfile.lock",
				"${PODS_ROOT}/Manifest.lock",
			);
			name = "[CP] Check Pods Manifest.lock";
			outputPaths = (
				"$(DERIVED_FILE_DIR)/Pods-DrinkWaterUITests-checkManifestLockResult.txt",
			);
			runOnlyForDeploymentPostprocessing = 0;
			shellPath = /bin/sh;
			shellScript = "diff \"${PODS_PODFILE_DIR_PATH}/Podfile.lock\" \"${PODS_ROOT}/Manifest.lock\" > /dev/null\nif [ $? != 0 ] ; then\n    # print error to STDERR\n    echo \"error: The sandbox is not in sync with the Podfile.lock. Run 'pod install' or update your CocoaPods installation.\" >&2\n    exit 1\nfi\n# This output is used by Xcode 'outputs' to avoid re-running this script phase.\necho \"SUCCESS\" > \"${SCRIPT_OUTPUT_FILE_0}\"\n";
			showEnvVarsInLog = 0;
		};
		55CF882ACE01B7CF1AC99EFC /* [CP] Check Pods Manifest.lock */ = {
			isa = PBXShellScriptBuildPhase;
			buildActionMask = 2147483647;
			files = (
			);
			inputPaths = (
				"${PODS_PODFILE_DIR_PATH}/Podfile.lock",
				"${PODS_ROOT}/Manifest.lock",
			);
			name = "[CP] Check Pods Manifest.lock";
			outputPaths = (
				"$(DERIVED_FILE_DIR)/Pods-DrinkWaterTests-checkManifestLockResult.txt",
			);
			runOnlyForDeploymentPostprocessing = 0;
			shellPath = /bin/sh;
			shellScript = "diff \"${PODS_PODFILE_DIR_PATH}/Podfile.lock\" \"${PODS_ROOT}/Manifest.lock\" > /dev/null\nif [ $? != 0 ] ; then\n    # print error to STDERR\n    echo \"error: The sandbox is not in sync with the Podfile.lock. Run 'pod install' or update your CocoaPods installation.\" >&2\n    exit 1\nfi\n# This output is used by Xcode 'outputs' to avoid re-running this script phase.\necho \"SUCCESS\" > \"${SCRIPT_OUTPUT_FILE_0}\"\n";
			showEnvVarsInLog = 0;
		};
		89DAA690180BE49817A3A48D /* [CP] Embed Pods Frameworks */ = {
			isa = PBXShellScriptBuildPhase;
			buildActionMask = 2147483647;
			files = (
			);
			inputPaths = (
				"${SRCROOT}/Pods/Target Support Files/Pods-DrinkWater/Pods-DrinkWater-frameworks.sh",
				"${BUILT_PRODUCTS_DIR}/GoogleToolboxForMac/GoogleToolboxForMac.framework",
				"${BUILT_PRODUCTS_DIR}/leveldb-library/leveldb.framework",
				"${BUILT_PRODUCTS_DIR}/nanopb/nanopb.framework",
			);
			name = "[CP] Embed Pods Frameworks";
			outputPaths = (
				"${TARGET_BUILD_DIR}/${FRAMEWORKS_FOLDER_PATH}/GoogleToolboxForMac.framework",
				"${TARGET_BUILD_DIR}/${FRAMEWORKS_FOLDER_PATH}/leveldb.framework",
				"${TARGET_BUILD_DIR}/${FRAMEWORKS_FOLDER_PATH}/nanopb.framework",
			);
			runOnlyForDeploymentPostprocessing = 0;
			shellPath = /bin/sh;
			shellScript = "\"${SRCROOT}/Pods/Target Support Files/Pods-DrinkWater/Pods-DrinkWater-frameworks.sh\"\n";
			showEnvVarsInLog = 0;
		};
/* End PBXShellScriptBuildPhase section */

/* Begin PBXSourcesBuildPhase section */
		DBFD40DC22C7CD520054253B /* Sources */ = {
			isa = PBXSourcesBuildPhase;
			buildActionMask = 2147483647;
			files = (
				DBFD40E622C7CD520054253B /* homeViewController.swift in Sources */,
				DBFD40E422C7CD520054253B /* AppDelegate.swift in Sources */,
			);
			runOnlyForDeploymentPostprocessing = 0;
		};
		DBFD40F022C7CD520054253B /* Sources */ = {
			isa = PBXSourcesBuildPhase;
			buildActionMask = 2147483647;
			files = (
				DBFD40F922C7CD520054253B /* DrinkWaterTests.swift in Sources */,
			);
			runOnlyForDeploymentPostprocessing = 0;
		};
		DBFD40FB22C7CD520054253B /* Sources */ = {
			isa = PBXSourcesBuildPhase;
			buildActionMask = 2147483647;
			files = (
				DBFD410422C7CD520054253B /* DrinkWaterUITests.swift in Sources */,
			);
			runOnlyForDeploymentPostprocessing = 0;
		};
/* End PBXSourcesBuildPhase section */

/* Begin PBXTargetDependency section */
		DBFD40F622C7CD520054253B /* PBXTargetDependency */ = {
			isa = PBXTargetDependency;
			target = DBFD40DF22C7CD520054253B /* DrinkWater */;
			targetProxy = DBFD40F522C7CD520054253B /* PBXContainerItemProxy */;
		};
		DBFD410122C7CD520054253B /* PBXTargetDependency */ = {
			isa = PBXTargetDependency;
			target = DBFD40DF22C7CD520054253B /* DrinkWater */;
			targetProxy = DBFD410022C7CD520054253B /* PBXContainerItemProxy */;
		};
/* End PBXTargetDependency section */

/* Begin PBXVariantGroup section */
		DBFD40EC22C7CD520054253B /* LaunchScreen.storyboard */ = {
			isa = PBXVariantGroup;
			children = (
				DBFD40ED22C7CD520054253B /* Base */,
			);
			name = LaunchScreen.storyboard;
			sourceTree = "<group>";
		};
/* End PBXVariantGroup section */

/* Begin XCBuildConfiguration section */
		DBFD410622C7CD520054253B /* Debug */ = {
			isa = XCBuildConfiguration;
			buildSettings = {
				ALWAYS_SEARCH_USER_PATHS = NO;
				CLANG_ANALYZER_NONNULL = YES;
				CLANG_ANALYZER_NUMBER_OBJECT_CONVERSION = YES_AGGRESSIVE;
				CLANG_CXX_LANGUAGE_STANDARD = "gnu++14";
				CLANG_CXX_LIBRARY = "libc++";
				CLANG_ENABLE_MODULES = YES;
				CLANG_ENABLE_OBJC_ARC = YES;
				CLANG_WARN_BLOCK_CAPTURE_AUTORELEASING = YES;
				CLANG_WARN_BOOL_CONVERSION = YES;
				CLANG_WARN_COMMA = YES;
				CLANG_WARN_CONSTANT_CONVERSION = YES;
				CLANG_WARN_DIRECT_OBJC_ISA_USAGE = YES_ERROR;
				CLANG_WARN_DOCUMENTATION_COMMENTS = YES;
				CLANG_WARN_EMPTY_BODY = YES;
				CLANG_WARN_ENUM_CONVERSION = YES;
				CLANG_WARN_INFINITE_RECURSION = YES;
				CLANG_WARN_INT_CONVERSION = YES;
				CLANG_WARN_NON_LITERAL_NULL_CONVERSION = YES;
				CLANG_WARN_OBJC_LITERAL_CONVERSION = YES;
				CLANG_WARN_OBJC_ROOT_CLASS = YES_ERROR;
				CLANG_WARN_RANGE_LOOP_ANALYSIS = YES;
				CLANG_WARN_STRICT_PROTOTYPES = YES;
				CLANG_WARN_SUSPICIOUS_MOVE = YES;
				CLANG_WARN_UNGUARDED_AVAILABILITY = YES_AGGRESSIVE;
				CLANG_WARN_UNREACHABLE_CODE = YES;
				CLANG_WARN__DUPLICATE_METHOD_MATCH = YES;
				CODE_SIGN_IDENTITY = "iPhone Developer";
				COPY_PHASE_STRIP = NO;
				DEBUG_INFORMATION_FORMAT = dwarf;
				ENABLE_STRICT_OBJC_MSGSEND = YES;
				ENABLE_TESTABILITY = YES;
				GCC_C_LANGUAGE_STANDARD = gnu11;
				GCC_DYNAMIC_NO_PIC = NO;
				GCC_NO_COMMON_BLOCKS = YES;
				GCC_OPTIMIZATION_LEVEL = 0;
				GCC_PREPROCESSOR_DEFINITIONS = (
					"DEBUG=1",
					"$(inherited)",
				);
				GCC_WARN_64_TO_32_BIT_CONVERSION = YES;
				GCC_WARN_ABOUT_RETURN_TYPE = YES_ERROR;
				GCC_WARN_UNDECLARED_SELECTOR = YES;
				GCC_WARN_UNINITIALIZED_AUTOS = YES_AGGRESSIVE;
				GCC_WARN_UNUSED_FUNCTION = YES;
				GCC_WARN_UNUSED_VARIABLE = YES;
				IPHONEOS_DEPLOYMENT_TARGET = 11.2;
				MTL_ENABLE_DEBUG_INFO = YES;
				ONLY_ACTIVE_ARCH = YES;
				SDKROOT = iphoneos;
				SWIFT_ACTIVE_COMPILATION_CONDITIONS = DEBUG;
				SWIFT_OPTIMIZATION_LEVEL = "-Onone";
			};
			name = Debug;
		};
		DBFD410722C7CD520054253B /* Release */ = {
			isa = XCBuildConfiguration;
			buildSettings = {
				ALWAYS_SEARCH_USER_PATHS = NO;
				CLANG_ANALYZER_NONNULL = YES;
				CLANG_ANALYZER_NUMBER_OBJECT_CONVERSION = YES_AGGRESSIVE;
				CLANG_CXX_LANGUAGE_STANDARD = "gnu++14";
				CLANG_CXX_LIBRARY = "libc++";
				CLANG_ENABLE_MODULES = YES;
				CLANG_ENABLE_OBJC_ARC = YES;
				CLANG_WARN_BLOCK_CAPTURE_AUTORELEASING = YES;
				CLANG_WARN_BOOL_CONVERSION = YES;
				CLANG_WARN_COMMA = YES;
				CLANG_WARN_CONSTANT_CONVERSION = YES;
				CLANG_WARN_DIRECT_OBJC_ISA_USAGE = YES_ERROR;
				CLANG_WARN_DOCUMENTATION_COMMENTS = YES;
				CLANG_WARN_EMPTY_BODY = YES;
				CLANG_WARN_ENUM_CONVERSION = YES;
				CLANG_WARN_INFINITE_RECURSION = YES;
				CLANG_WARN_INT_CONVERSION = YES;
				CLANG_WARN_NON_LITERAL_NULL_CONVERSION = YES;
				CLANG_WARN_OBJC_LITERAL_CONVERSION = YES;
				CLANG_WARN_OBJC_ROOT_CLASS = YES_ERROR;
				CLANG_WARN_RANGE_LOOP_ANALYSIS = YES;
				CLANG_WARN_STRICT_PROTOTYPES = YES;
				CLANG_WARN_SUSPICIOUS_MOVE = YES;
				CLANG_WARN_UNGUARDED_AVAILABILITY = YES_AGGRESSIVE;
				CLANG_WARN_UNREACHABLE_CODE = YES;
				CLANG_WARN__DUPLICATE_METHOD_MATCH = YES;
				CODE_SIGN_IDENTITY = "iPhone Developer";
				COPY_PHASE_STRIP = NO;
				DEBUG_INFORMATION_FORMAT = "dwarf-with-dsym";
				ENABLE_NS_ASSERTIONS = NO;
				ENABLE_STRICT_OBJC_MSGSEND = YES;
				GCC_C_LANGUAGE_STANDARD = gnu11;
				GCC_NO_COMMON_BLOCKS = YES;
				GCC_WARN_64_TO_32_BIT_CONVERSION = YES;
				GCC_WARN_ABOUT_RETURN_TYPE = YES_ERROR;
				GCC_WARN_UNDECLARED_SELECTOR = YES;
				GCC_WARN_UNINITIALIZED_AUTOS = YES_AGGRESSIVE;
				GCC_WARN_UNUSED_FUNCTION = YES;
				GCC_WARN_UNUSED_VARIABLE = YES;
				IPHONEOS_DEPLOYMENT_TARGET = 11.2;
				MTL_ENABLE_DEBUG_INFO = NO;
				SDKROOT = iphoneos;
				SWIFT_OPTIMIZATION_LEVEL = "-Owholemodule";
				VALIDATE_PRODUCT = YES;
			};
			name = Release;
		};
		DBFD410922C7CD520054253B /* Debug */ = {
			isa = XCBuildConfiguration;
			baseConfigurationReference = 2D96F21F875800E5F2007947 /* Pods-DrinkWater.debug.xcconfig */;
			buildSettings = {
				ASSETCATALOG_COMPILER_APPICON_NAME = AppIcon;
				CODE_SIGN_STYLE = Automatic;
				DEVELOPMENT_TEAM = 8437TMTXLQ;
				INFOPLIST_FILE = DrinkWater/Info.plist;
				LD_RUNPATH_SEARCH_PATHS = "$(inherited) @executable_path/Frameworks";
				PRODUCT_BUNDLE_IDENTIFIER = "David-Ho.DrinkWater";
				PRODUCT_NAME = "$(TARGET_NAME)";
				SWIFT_VERSION = 4.0;
				TARGETED_DEVICE_FAMILY = "1,2";
			};
			name = Debug;
		};
		DBFD410A22C7CD520054253B /* Release */ = {
			isa = XCBuildConfiguration;
			baseConfigurationReference = 9B383D1939957D293D412D78 /* Pods-DrinkWater.release.xcconfig */;
			buildSettings = {
				ASSETCATALOG_COMPILER_APPICON_NAME = AppIcon;
				CODE_SIGN_STYLE = Automatic;
				DEVELOPMENT_TEAM = 8437TMTXLQ;
				INFOPLIST_FILE = DrinkWater/Info.plist;
				LD_RUNPATH_SEARCH_PATHS = "$(inherited) @executable_path/Frameworks";
				PRODUCT_BUNDLE_IDENTIFIER = "David-Ho.DrinkWater";
				PRODUCT_NAME = "$(TARGET_NAME)";
				SWIFT_VERSION = 4.0;
				TARGETED_DEVICE_FAMILY = "1,2";
			};
			name = Release;
		};
		DBFD410C22C7CD520054253B /* Debug */ = {
			isa = XCBuildConfiguration;
			baseConfigurationReference = 72DD323FE8CFB28148239B65 /* Pods-DrinkWaterTests.debug.xcconfig */;
			buildSettings = {
				ALWAYS_EMBED_SWIFT_STANDARD_LIBRARIES = YES;
				BUNDLE_LOADER = "$(TEST_HOST)";
				CODE_SIGN_STYLE = Automatic;
				DEVELOPMENT_TEAM = 8437TMTXLQ;
				INFOPLIST_FILE = DrinkWaterTests/Info.plist;
				LD_RUNPATH_SEARCH_PATHS = "$(inherited) @executable_path/Frameworks @loader_path/Frameworks";
				PRODUCT_BUNDLE_IDENTIFIER = "David-Ho.DrinkWaterTests";
				PRODUCT_NAME = "$(TARGET_NAME)";
				SWIFT_VERSION = 4.0;
				TARGETED_DEVICE_FAMILY = "1,2";
				TEST_HOST = "$(BUILT_PRODUCTS_DIR)/DrinkWater.app/DrinkWater";
			};
			name = Debug;
		};
		DBFD410D22C7CD520054253B /* Release */ = {
			isa = XCBuildConfiguration;
			baseConfigurationReference = A51BB6F31DE62116535A25D1 /* Pods-DrinkWaterTests.release.xcconfig */;
			buildSettings = {
				ALWAYS_EMBED_SWIFT_STANDARD_LIBRARIES = YES;
				BUNDLE_LOADER = "$(TEST_HOST)";
				CODE_SIGN_STYLE = Automatic;
				DEVELOPMENT_TEAM = 8437TMTXLQ;
				INFOPLIST_FILE = DrinkWaterTests/Info.plist;
				LD_RUNPATH_SEARCH_PATHS = "$(inherited) @executable_path/Frameworks @loader_path/Frameworks";
				PRODUCT_BUNDLE_IDENTIFIER = "David-Ho.DrinkWaterTests";
				PRODUCT_NAME = "$(TARGET_NAME)";
				SWIFT_VERSION = 4.0;
				TARGETED_DEVICE_FAMILY = "1,2";
				TEST_HOST = "$(BUILT_PRODUCTS_DIR)/DrinkWater.app/DrinkWater";
			};
			name = Release;
		};
		DBFD410F22C7CD520054253B /* Debug */ = {
			isa = XCBuildConfiguration;
			baseConfigurationReference = D70576FE677B26CCAD91CD1C /* Pods-DrinkWaterUITests.debug.xcconfig */;
			buildSettings = {
				ALWAYS_EMBED_SWIFT_STANDARD_LIBRARIES = YES;
				CODE_SIGN_STYLE = Automatic;
				DEVELOPMENT_TEAM = 8437TMTXLQ;
				INFOPLIST_FILE = DrinkWaterUITests/Info.plist;
				LD_RUNPATH_SEARCH_PATHS = "$(inherited) @executable_path/Frameworks @loader_path/Frameworks";
				PRODUCT_BUNDLE_IDENTIFIER = "David-Ho.DrinkWaterUITests";
				PRODUCT_NAME = "$(TARGET_NAME)";
				SWIFT_VERSION = 4.0;
				TARGETED_DEVICE_FAMILY = "1,2";
				TEST_TARGET_NAME = DrinkWater;
			};
			name = Debug;
		};
		DBFD411022C7CD520054253B /* Release */ = {
			isa = XCBuildConfiguration;
			baseConfigurationReference = 0B7EE2FE54EF5E0E968AE4E2 /* Pods-DrinkWaterUITests.release.xcconfig */;
			buildSettings = {
				ALWAYS_EMBED_SWIFT_STANDARD_LIBRARIES = YES;
				CODE_SIGN_STYLE = Automatic;
				DEVELOPMENT_TEAM = 8437TMTXLQ;
				INFOPLIST_FILE = DrinkWaterUITests/Info.plist;
				LD_RUNPATH_SEARCH_PATHS = "$(inherited) @executable_path/Frameworks @loader_path/Frameworks";
				PRODUCT_BUNDLE_IDENTIFIER = "David-Ho.DrinkWaterUITests";
				PRODUCT_NAME = "$(TARGET_NAME)";
				SWIFT_VERSION = 4.0;
				TARGETED_DEVICE_FAMILY = "1,2";
				TEST_TARGET_NAME = DrinkWater;
			};
			name = Release;
		};
/* End XCBuildConfiguration section */

/* Begin XCConfigurationList section */
		DBFD40DB22C7CD520054253B /* Build configuration list for PBXProject "DrinkWater" */ = {
			isa = XCConfigurationList;
			buildConfigurations = (
				DBFD410622C7CD520054253B /* Debug */,
				DBFD410722C7CD520054253B /* Release */,
			);
			defaultConfigurationIsVisible = 0;
			defaultConfigurationName = Release;
		};
		DBFD410822C7CD520054253B /* Build configuration list for PBXNativeTarget "DrinkWater" */ = {
			isa = XCConfigurationList;
			buildConfigurations = (
				DBFD410922C7CD520054253B /* Debug */,
				DBFD410A22C7CD520054253B /* Release */,
			);
			defaultConfigurationIsVisible = 0;
			defaultConfigurationName = Release;
		};
		DBFD410B22C7CD520054253B /* Build configuration list for PBXNativeTarget "DrinkWaterTests" */ = {
			isa = XCConfigurationList;
			buildConfigurations = (
				DBFD410C22C7CD520054253B /* Debug */,
				DBFD410D22C7CD520054253B /* Release */,
			);
			defaultConfigurationIsVisible = 0;
			defaultConfigurationName = Release;
		};
		DBFD410E22C7CD520054253B /* Build configuration list for PBXNativeTarget "DrinkWaterUITests" */ = {
			isa = XCConfigurationList;
			buildConfigurations = (
				DBFD410F22C7CD520054253B /* Debug */,
				DBFD411022C7CD520054253B /* Release */,
			);
			defaultConfigurationIsVisible = 0;
			defaultConfigurationName = Release;
		};
/* End XCConfigurationList section */
	};
	rootObject = DBFD40D822C7CD520054253B /* Project object */;
}
